
Microsoft Visual Studio Solution File, Format Version 12.00
# Visual Studio Version 16
VisualStudioVersion = 16.0.29911.84
MinimumVisualStudioVersion = 10.0.40219.1
Project("{FAE04EC0-301F-11D3-BF4B-00C04F79EFBC}") = "motor", "motor.csproj", "{514C60D7-CB31-417B-A722-A839C0CE6E16}"
EndProject
Global
	GlobalSection(SolutionConfigurationPlatforms) = preSolution
		Debug|x86 = Debug|x86
		Release|x86 = Release|x86
	EndGlobalSection
	GlobalSection(ProjectConfigurationPlatforms) = postSolution
		{514C60D7-CB31-417B-A722-A839C0CE6E16}.Debug|x86.ActiveCfg = Debug|x86
		{514C60D7-CB31-417B-A722-A839C0CE6E16}.Debug|x86.Build.0 = Debug|x86
		{514C60D7-CB31-417B-A722-A839C0CE6E16}.Release|x86.ActiveCfg = Release|x86
		{514C60D7-CB31-417B-A722-A839C0CE6E16}.Release|x86.Build.0 = Release|x86
	EndGlobalSection
	GlobalSection(SolutionProperties) = preSolution
		HideSolutionNode = FALSE
	EndGlobalSection
	GlobalSection(ExtensibilityGlobals) = postSolution
		SolutionGuid = {3DE28319-B495-49BB-9406-9113724E89B3}
	EndGlobalSection
EndGlobal
